
Microsoft Visual Studio Solution File, Format Version 12.00
# Visual Studio Version 16
VisualStudioVersion = 16.0.31613.86
MinimumVisualStudioVersion = 10.0.40219.1
Project("{9A19103F-16F7-4668-BE54-9A1E7A4F7556}") = "Bidtellect.Tcf", "TransparencyAndConsentFramework\Bidtellect.Tcf.csproj", "{1B792B74-CEEE-4B7D-9F1F-29B31AED7916}"
EndProject
Project("{FAE04EC0-301F-11D3-BF4B-00C04F79EFBC}") = "Bidtellect.Tcf.Tests", "TransparencyAndConsentFrameworkTests\Bidtellect.Tcf.Tests.csproj", "{926E845C-41D3-4BAD-A688-640A155EFA8C}"
EndProject
Global
	GlobalSection(SolutionConfigurationPlatforms) = preSolution
		Debug|Any CPU = Debug|Any CPU
		Release|Any CPU = Release|Any CPU
	EndGlobalSection
	GlobalSection(ProjectConfigurationPlatforms) = postSolution
		{1B792B74-CEEE-4B7D-9F1F-29B31AED7916}.Debug|Any CPU.ActiveCfg = Debug|Any CPU
		{1B792B74-CEEE-4B7D-9F1F-29B31AED7916}.Debug|Any CPU.Build.0 = Debug|Any CPU
		{1B792B74-CEEE-4B7D-9F1F-29B31AED7916}.Release|Any CPU.ActiveCfg = Release|Any CPU
		{1B792B74-CEEE-4B7D-9F1F-29B31AED7916}.Release|Any CPU.Build.0 = Release|Any CPU
		{926E845C-41D3-4BAD-A688-640A155EFA8C}.Debug|Any CPU.ActiveCfg = Debug|Any CPU
		{926E845C-41D3-4BAD-A688-640A155EFA8C}.Debug|Any CPU.Build.0 = Debug|Any CPU
		{926E845C-41D3-4BAD-A688-640A155EFA8C}.Release|Any CPU.ActiveCfg = Release|Any CPU
		{926E845C-41D3-4BAD-A688-640A155EFA8C}.Release|Any CPU.Build.0 = Release|Any CPU
	EndGlobalSection
	GlobalSection(SolutionProperties) = preSolution
		HideSolutionNode = FALSE
	EndGlobalSection
	GlobalSection(ExtensibilityGlobals) = postSolution
		SolutionGuid = {ED870F83-6566-4C11-A7F4-49662CF085BA}
	EndGlobalSection
EndGlobal
